// !$*UTF8*$!
{
	archiveVersion = 1;
	classes = {
	};
	objectVersion = 56;
	objects = {

/* Begin PBXBuildFile section */
		0C1837F62B66234800004B04 /* CryptoAppApp.swift in Sources */ = {isa = PBXBuildFile; fileRef = 0C1837F52B66234800004B04 /* CryptoAppApp.swift */; };
		0C1837F82B66234800004B04 /* ContentView.swift in Sources */ = {isa = PBXBuildFile; fileRef = 0C1837F72B66234800004B04 /* ContentView.swift */; };
		0C1837FD2B66234800004B04 /* Preview Assets.xcassets in Resources */ = {isa = PBXBuildFile; fileRef = 0C1837FC2B66234800004B04 /* Preview Assets.xcassets */; };
		0C1838042B6624A700004B04 /* Assets.xcassets in Resources */ = {isa = PBXBuildFile; fileRef = 0C1838032B6624A700004B04 /* Assets.xcassets */; };
		0C1838072B66252500004B04 /* Color.swift in Sources */ = {isa = PBXBuildFile; fileRef = 0C1838062B66252500004B04 /* Color.swift */; };
		0C18380D2B662B0800004B04 /* HomeView.swift in Sources */ = {isa = PBXBuildFile; fileRef = 0C18380C2B662B0800004B04 /* HomeView.swift */; };
		0C1838112B662CB800004B04 /* CircleButtonView.swift in Sources */ = {isa = PBXBuildFile; fileRef = 0C1838102B662CB800004B04 /* CircleButtonView.swift */; };
		0C1838132B6630BF00004B04 /* CircleButtonAnimationView.swift in Sources */ = {isa = PBXBuildFile; fileRef = 0C1838122B6630BF00004B04 /* CircleButtonAnimationView.swift */; };
		0C1838162B6633E300004B04 /* CoinModel.swift in Sources */ = {isa = PBXBuildFile; fileRef = 0C1838152B6633E300004B04 /* CoinModel.swift */; };
		0C7004132B66D03700F7C057 /* CoinDataService.swift in Sources */ = {isa = PBXBuildFile; fileRef = 0C7004122B66D03700F7C057 /* CoinDataService.swift */; };
		0CCF51692B66792800A8E553 /* CoinRowView.swift in Sources */ = {isa = PBXBuildFile; fileRef = 0CCF51682B66792800A8E553 /* CoinRowView.swift */; };
		0CCF516B2B66796200A8E553 /* PreviewProvider.swift in Sources */ = {isa = PBXBuildFile; fileRef = 0CCF516A2B66796200A8E553 /* PreviewProvider.swift */; };
		0CCF516D2B667C8700A8E553 /* Double.swift in Sources */ = {isa = PBXBuildFile; fileRef = 0CCF516C2B667C8700A8E553 /* Double.swift */; };
		0CCF516F2B66875A00A8E553 /* HomeViewModal.swift in Sources */ = {isa = PBXBuildFile; fileRef = 0CCF516E2B66875A00A8E553 /* HomeViewModal.swift */; };
/* End PBXBuildFile section */

/* Begin PBXFileReference section */
		0C1837F22B66234800004B04 /* CryptoApp.app */ = {isa = PBXFileReference; explicitFileType = wrapper.application; includeInIndex = 0; path = CryptoApp.app; sourceTree = BUILT_PRODUCTS_DIR; };
		0C1837F52B66234800004B04 /* CryptoAppApp.swift */ = {isa = PBXFileReference; lastKnownFileType = sourcecode.swift; path = CryptoAppApp.swift; sourceTree = "<group>"; };
		0C1837F72B66234800004B04 /* ContentView.swift */ = {isa = PBXFileReference; lastKnownFileType = sourcecode.swift; path = ContentView.swift; sourceTree = "<group>"; };
		0C1837FC2B66234800004B04 /* Preview Assets.xcassets */ = {isa = PBXFileReference; lastKnownFileType = folder.assetcatalog; path = "Preview Assets.xcassets"; sourceTree = "<group>"; };
		0C1838032B6624A700004B04 /* Assets.xcassets */ = {isa = PBXFileReference; lastKnownFileType = folder.assetcatalog; path = Assets.xcassets; sourceTree = "<group>"; };
		0C1838062B66252500004B04 /* Color.swift */ = {isa = PBXFileReference; lastKnownFileType = sourcecode.swift; path = Color.swift; sourceTree = "<group>"; };
		0C18380C2B662B0800004B04 /* HomeView.swift */ = {isa = PBXFileReference; lastKnownFileType = sourcecode.swift; path = HomeView.swift; sourceTree = "<group>"; };
		0C1838102B662CB800004B04 /* CircleButtonView.swift */ = {isa = PBXFileReference; lastKnownFileType = sourcecode.swift; path = CircleButtonView.swift; sourceTree = "<group>"; };
		0C1838122B6630BF00004B04 /* CircleButtonAnimationView.swift */ = {isa = PBXFileReference; lastKnownFileType = sourcecode.swift; path = CircleButtonAnimationView.swift; sourceTree = "<group>"; };
		0C1838152B6633E300004B04 /* CoinModel.swift */ = {isa = PBXFileReference; lastKnownFileType = sourcecode.swift; path = CoinModel.swift; sourceTree = "<group>"; };
		0C7004122B66D03700F7C057 /* CoinDataService.swift */ = {isa = PBXFileReference; lastKnownFileType = sourcecode.swift; path = CoinDataService.swift; sourceTree = "<group>"; };
		0CCF51682B66792800A8E553 /* CoinRowView.swift */ = {isa = PBXFileReference; lastKnownFileType = sourcecode.swift; path = CoinRowView.swift; sourceTree = "<group>"; };
		0CCF516A2B66796200A8E553 /* PreviewProvider.swift */ = {isa = PBXFileReference; lastKnownFileType = sourcecode.swift; path = PreviewProvider.swift; sourceTree = "<group>"; };
		0CCF516C2B667C8700A8E553 /* Double.swift */ = {isa = PBXFileReference; lastKnownFileType = sourcecode.swift; path = Double.swift; sourceTree = "<group>"; };
		0CCF516E2B66875A00A8E553 /* HomeViewModal.swift */ = {isa = PBXFileReference; lastKnownFileType = sourcecode.swift; path = HomeViewModal.swift; sourceTree = "<group>"; };
/* End PBXFileReference section */

/* Begin PBXFrameworksBuildPhase section */
		0C1837EF2B66234800004B04 /* Frameworks */ = {
			isa = PBXFrameworksBuildPhase;
			buildActionMask = 2147483647;
			files = (
			);
			runOnlyForDeploymentPostprocessing = 0;
		};
/* End PBXFrameworksBuildPhase section */

/* Begin PBXGroup section */
		0C1837E92B66234800004B04 = {
			isa = PBXGroup;
			children = (
				0C1837F42B66234800004B04 /* CryptoApp */,
				0C1837F32B66234800004B04 /* Products */,
			);
			sourceTree = "<group>";
		};
		0C1837F32B66234800004B04 /* Products */ = {
			isa = PBXGroup;
			children = (
				0C1837F22B66234800004B04 /* CryptoApp.app */,
			);
			name = Products;
			sourceTree = "<group>";
		};
		0C1837F42B66234800004B04 /* CryptoApp */ = {
			isa = PBXGroup;
			children = (
				0C1837F52B66234800004B04 /* CryptoAppApp.swift */,
				0C7004112B66D01800F7C057 /* Services */,
				0C1838052B66251D00004B04 /* Extensions */,
				0C1838142B66334200004B04 /* Models */,
				0C1838082B662A7800004B04 /* Core */,
				0C1837F72B66234800004B04 /* ContentView.swift */,
				0C1838032B6624A700004B04 /* Assets.xcassets */,
				0C1837FB2B66234800004B04 /* Preview Content */,
			);
			path = CryptoApp;
			sourceTree = "<group>";
		};
		0C1837FB2B66234800004B04 /* Preview Content */ = {
			isa = PBXGroup;
			children = (
				0C1837FC2B66234800004B04 /* Preview Assets.xcassets */,
			);
			path = "Preview Content";
			sourceTree = "<group>";
		};
		0C1838052B66251D00004B04 /* Extensions */ = {
			isa = PBXGroup;
			children = (
				0C1838062B66252500004B04 /* Color.swift */,
				0CCF516A2B66796200A8E553 /* PreviewProvider.swift */,
				0CCF516C2B667C8700A8E553 /* Double.swift */,
			);
			path = Extensions;
			sourceTree = "<group>";
		};
		0C1838082B662A7800004B04 /* Core */ = {
			isa = PBXGroup;
			children = (
				0C1838092B662ADC00004B04 /* Home */,
			);
			path = Core;
			sourceTree = "<group>";
		};
		0C1838092B662ADC00004B04 /* Home */ = {
			isa = PBXGroup;
			children = (
				0C18380E2B662CA400004B04 /* Componets */,
				0C18380B2B662AE600004B04 /* ViewModal */,
				0C18380A2B662AE100004B04 /* Views */,
			);
			path = Home;
			sourceTree = "<group>";
		};
		0C18380A2B662AE100004B04 /* Views */ = {
			isa = PBXGroup;
			children = (
				0C18380C2B662B0800004B04 /* HomeView.swift */,
				0CCF51682B66792800A8E553 /* CoinRowView.swift */,
			);
			path = Views;
			sourceTree = "<group>";
		};
		0C18380B2B662AE600004B04 /* ViewModal */ = {
			isa = PBXGroup;
			children = (
				0CCF516E2B66875A00A8E553 /* HomeViewModal.swift */,
			);
			path = ViewModal;
			sourceTree = "<group>";
		};
		0C18380E2B662CA400004B04 /* Componets */ = {
			isa = PBXGroup;
			children = (
				0C18380F2B662CAF00004B04 /* CircleButton */,
			);
			path = Componets;
			sourceTree = "<group>";
		};
		0C18380F2B662CAF00004B04 /* CircleButton */ = {
			isa = PBXGroup;
			children = (
				0C1838102B662CB800004B04 /* CircleButtonView.swift */,
				0C1838122B6630BF00004B04 /* CircleButtonAnimationView.swift */,
			);
			path = CircleButton;
			sourceTree = "<group>";
		};
		0C1838142B66334200004B04 /* Models */ = {
			isa = PBXGroup;
			children = (
				0C1838152B6633E300004B04 /* CoinModel.swift */,
			);
			path = Models;
			sourceTree = "<group>";
		};
		0C7004112B66D01800F7C057 /* Services */ = {
			isa = PBXGroup;
			children = (
				0C7004122B66D03700F7C057 /* CoinDataService.swift */,
			);
			path = Services;
			sourceTree = "<group>";
		};
/* End PBXGroup section */

/* Begin PBXNativeTarget section */
		0C1837F12B66234800004B04 /* CryptoApp */ = {
			isa = PBXNativeTarget;
			buildConfigurationList = 0C1838002B66234800004B04 /* Build configuration list for PBXNativeTarget "CryptoApp" */;
			buildPhases = (
				0C1837EE2B66234800004B04 /* Sources */,
				0C1837EF2B66234800004B04 /* Frameworks */,
				0C1837F02B66234800004B04 /* Resources */,
			);
			buildRules = (
			);
			dependencies = (
			);
			name = CryptoApp;
			productName = CryptoApp;
			productReference = 0C1837F22B66234800004B04 /* CryptoApp.app */;
			productType = "com.apple.product-type.application";
		};
/* End PBXNativeTarget section */

/* Begin PBXProject section */
		0C1837EA2B66234800004B04 /* Project object */ = {
			isa = PBXProject;
			attributes = {
				BuildIndependentTargetsInParallel = 1;
				LastSwiftUpdateCheck = 1520;
				LastUpgradeCheck = 1520;
				TargetAttributes = {
					0C1837F12B66234800004B04 = {
						CreatedOnToolsVersion = 15.2;
					};
				};
			};
			buildConfigurationList = 0C1837ED2B66234800004B04 /* Build configuration list for PBXProject "CryptoApp" */;
			compatibilityVersion = "Xcode 14.0";
			developmentRegion = en;
			hasScannedForEncodings = 0;
			knownRegions = (
				en,
				Base,
			);
			mainGroup = 0C1837E92B66234800004B04;
			productRefGroup = 0C1837F32B66234800004B04 /* Products */;
			projectDirPath = "";
			projectRoot = "";
			targets = (
				0C1837F12B66234800004B04 /* CryptoApp */,
			);
		};
/* End PBXProject section */

/* Begin PBXResourcesBuildPhase section */
		0C1837F02B66234800004B04 /* Resources */ = {
			isa = PBXResourcesBuildPhase;
			buildActionMask = 2147483647;
			files = (
				0C1838042B6624A700004B04 /* Assets.xcassets in Resources */,
				0C1837FD2B66234800004B04 /* Preview Assets.xcassets in Resources */,
			);
			runOnlyForDeploymentPostprocessing = 0;
		};
/* End PBXResourcesBuildPhase section */

/* Begin PBXSourcesBuildPhase section */
		0C1837EE2B66234800004B04 /* Sources */ = {
			isa = PBXSourcesBuildPhase;
			buildActionMask = 2147483647;
			files = (
				0C7004132B66D03700F7C057 /* CoinDataService.swift in Sources */,
				0CCF51692B66792800A8E553 /* CoinRowView.swift in Sources */,
				0CCF516F2B66875A00A8E553 /* HomeViewModal.swift in Sources */,
				0C1837F82B66234800004B04 /* ContentView.swift in Sources */,
				0C18380D2B662B0800004B04 /* HomeView.swift in Sources */,
				0C1837F62B66234800004B04 /* CryptoAppApp.swift in Sources */,
				0C1838112B662CB800004B04 /* CircleButtonView.swift in Sources */,
				0C1838072B66252500004B04 /* Color.swift in Sources */,
				0C1838132B6630BF00004B04 /* CircleButtonAnimationView.swift in Sources */,
				0CCF516B2B66796200A8E553 /* PreviewProvider.swift in Sources */,
				0CCF516D2B667C8700A8E553 /* Double.swift in Sources */,
				0C1838162B6633E300004B04 /* CoinModel.swift in Sources */,
			);
			runOnlyForDeploymentPostprocessing = 0;
		};
/* End PBXSourcesBuildPhase section */

/* Begin XCBuildConfiguration section */
		0C1837FE2B66234800004B04 /* Debug */ = {
			isa = XCBuildConfiguration;
			buildSettings = {
				ALWAYS_SEARCH_USER_PATHS = NO;
				ASSETCATALOG_COMPILER_GENERATE_SWIFT_ASSET_SYMBOL_EXTENSIONS = YES;
				CLANG_ANALYZER_NONNULL = YES;
				CLANG_ANALYZER_NUMBER_OBJECT_CONVERSION = YES_AGGRESSIVE;
				CLANG_CXX_LANGUAGE_STANDARD = "gnu++20";
				CLANG_ENABLE_MODULES = YES;
				CLANG_ENABLE_OBJC_ARC = YES;
				CLANG_ENABLE_OBJC_WEAK = YES;
				CLANG_WARN_BLOCK_CAPTURE_AUTORELEASING = YES;
				CLANG_WARN_BOOL_CONVERSION = YES;
				CLANG_WARN_COMMA = YES;
				CLANG_WARN_CONSTANT_CONVERSION = YES;
				CLANG_WARN_DEPRECATED_OBJC_IMPLEMENTATIONS = YES;
				CLANG_WARN_DIRECT_OBJC_ISA_USAGE = YES_ERROR;
				CLANG_WARN_DOCUMENTATION_COMMENTS = YES;
				CLANG_WARN_EMPTY_BODY = YES;
				CLANG_WARN_ENUM_CONVERSION = YES;
				CLANG_WARN_INFINITE_RECURSION = YES;
				CLANG_WARN_INT_CONVERSION = YES;
				CLANG_WARN_NON_LITERAL_NULL_CONVERSION = YES;
				CLANG_WARN_OBJC_IMPLICIT_RETAIN_SELF = YES;
				CLANG_WARN_OBJC_LITERAL_CONVERSION = YES;
				CLANG_WARN_OBJC_ROOT_CLASS = YES_ERROR;
				CLANG_WARN_QUOTED_INCLUDE_IN_FRAMEWORK_HEADER = YES;
				CLANG_WARN_RANGE_LOOP_ANALYSIS = YES;
				CLANG_WARN_STRICT_PROTOTYPES = YES;
				CLANG_WARN_SUSPICIOUS_MOVE = YES;
				CLANG_WARN_UNGUARDED_AVAILABILITY = YES_AGGRESSIVE;
				CLANG_WARN_UNREACHABLE_CODE = YES;
				CLANG_WARN__DUPLICATE_METHOD_MATCH = YES;
				COPY_PHASE_STRIP = NO;
				DEBUG_INFORMATION_FORMAT = dwarf;
				ENABLE_STRICT_OBJC_MSGSEND = YES;
				ENABLE_TESTABILITY = YES;
				ENABLE_USER_SCRIPT_SANDBOXING = YES;
				GCC_C_LANGUAGE_STANDARD = gnu17;
				GCC_DYNAMIC_NO_PIC = NO;
				GCC_NO_COMMON_BLOCKS = YES;
				GCC_OPTIMIZATION_LEVEL = 0;
				GCC_PREPROCESSOR_DEFINITIONS = (
					"DEBUG=1",
					"$(inherited)",
				);
				GCC_WARN_64_TO_32_BIT_CONVERSION = YES;
				GCC_WARN_ABOUT_RETURN_TYPE = YES_ERROR;
				GCC_WARN_UNDECLARED_SELECTOR = YES;
				GCC_WARN_UNINITIALIZED_AUTOS = YES_AGGRESSIVE;
				GCC_WARN_UNUSED_FUNCTION = YES;
				GCC_WARN_UNUSED_VARIABLE = YES;
				IPHONEOS_DEPLOYMENT_TARGET = 17.2;
				LOCALIZATION_PREFERS_STRING_CATALOGS = YES;
				MTL_ENABLE_DEBUG_INFO = INCLUDE_SOURCE;
				MTL_FAST_MATH = YES;
				ONLY_ACTIVE_ARCH = YES;
				SDKROOT = iphoneos;
				SWIFT_ACTIVE_COMPILATION_CONDITIONS = "DEBUG $(inherited)";
				SWIFT_OPTIMIZATION_LEVEL = "-Onone";
			};
			name = Debug;
		};
		0C1837FF2B66234800004B04 /* Release */ = {
			isa = XCBuildConfiguration;
			buildSettings = {
				ALWAYS_SEARCH_USER_PATHS = NO;
				ASSETCATALOG_COMPILER_GENERATE_SWIFT_ASSET_SYMBOL_EXTENSIONS = YES;
				CLANG_ANALYZER_NONNULL = YES;
				CLANG_ANALYZER_NUMBER_OBJECT_CONVERSION = YES_AGGRESSIVE;
				CLANG_CXX_LANGUAGE_STANDARD = "gnu++20";
				CLANG_ENABLE_MODULES = YES;
				CLANG_ENABLE_OBJC_ARC = YES;
				CLANG_ENABLE_OBJC_WEAK = YES;
				CLANG_WARN_BLOCK_CAPTURE_AUTORELEASING = YES;
				CLANG_WARN_BOOL_CONVERSION = YES;
				CLANG_WARN_COMMA = YES;
				CLANG_WARN_CONSTANT_CONVERSION = YES;
				CLANG_WARN_DEPRECATED_OBJC_IMPLEMENTATIONS = YES;
				CLANG_WARN_DIRECT_OBJC_ISA_USAGE = YES_ERROR;
				CLANG_WARN_DOCUMENTATION_COMMENTS = YES;
				CLANG_WARN_EMPTY_BODY = YES;
				CLANG_WARN_ENUM_CONVERSION = YES;
				CLANG_WARN_INFINITE_RECURSION = YES;
				CLANG_WARN_INT_CONVERSION = YES;
				CLANG_WARN_NON_LITERAL_NULL_CONVERSION = YES;
				CLANG_WARN_OBJC_IMPLICIT_RETAIN_SELF = YES;
				CLANG_WARN_OBJC_LITERAL_CONVERSION = YES;
				CLANG_WARN_OBJC_ROOT_CLASS = YES_ERROR;
				CLANG_WARN_QUOTED_INCLUDE_IN_FRAMEWORK_HEADER = YES;
				CLANG_WARN_RANGE_LOOP_ANALYSIS = YES;
				CLANG_WARN_STRICT_PROTOTYPES = YES;
				CLANG_WARN_SUSPICIOUS_MOVE = YES;
				CLANG_WARN_UNGUARDED_AVAILABILITY = YES_AGGRESSIVE;
				CLANG_WARN_UNREACHABLE_CODE = YES;
				CLANG_WARN__DUPLICATE_METHOD_MATCH = YES;
				COPY_PHASE_STRIP = NO;
				DEBUG_INFORMATION_FORMAT = "dwarf-with-dsym";
				ENABLE_NS_ASSERTIONS = NO;
				ENABLE_STRICT_OBJC_MSGSEND = YES;
				ENABLE_USER_SCRIPT_SANDBOXING = YES;
				GCC_C_LANGUAGE_STANDARD = gnu17;
				GCC_NO_COMMON_BLOCKS = YES;
				GCC_WARN_64_TO_32_BIT_CONVERSION = YES;
				GCC_WARN_ABOUT_RETURN_TYPE = YES_ERROR;
				GCC_WARN_UNDECLARED_SELECTOR = YES;
				GCC_WARN_UNINITIALIZED_AUTOS = YES_AGGRESSIVE;
				GCC_WARN_UNUSED_FUNCTION = YES;
				GCC_WARN_UNUSED_VARIABLE = YES;
				IPHONEOS_DEPLOYMENT_TARGET = 17.2;
				LOCALIZATION_PREFERS_STRING_CATALOGS = YES;
				MTL_ENABLE_DEBUG_INFO = NO;
				MTL_FAST_MATH = YES;
				SDKROOT = iphoneos;
				SWIFT_COMPILATION_MODE = wholemodule;
				VALIDATE_PRODUCT = YES;
			};
			name = Release;
		};
		0C1838012B66234800004B04 /* Debug */ = {
			isa = XCBuildConfiguration;
			buildSettings = {
				ASSETCATALOG_COMPILER_APPICON_NAME = AppIcon;
				ASSETCATALOG_COMPILER_GLOBAL_ACCENT_COLOR_NAME = AccentColor;
				CODE_SIGN_STYLE = Automatic;
				CURRENT_PROJECT_VERSION = 1;
				DEVELOPMENT_ASSET_PATHS = "\"CryptoApp/Preview Content\"";
				DEVELOPMENT_TEAM = 677WTAT3WT;
				ENABLE_PREVIEWS = YES;
				GENERATE_INFOPLIST_FILE = YES;
				INFOPLIST_KEY_CFBundleDisplayName = "Crypto Tracker";
				INFOPLIST_KEY_UIApplicationSceneManifest_Generation = YES;
				INFOPLIST_KEY_UIApplicationSupportsIndirectInputEvents = YES;
				INFOPLIST_KEY_UILaunchScreen_Generation = YES;
				INFOPLIST_KEY_UISupportedInterfaceOrientations = UIInterfaceOrientationPortrait;
				INFOPLIST_KEY_UISupportedInterfaceOrientations_iPad = "UIInterfaceOrientationLandscapeLeft UIInterfaceOrientationLandscapeRight UIInterfaceOrientationPortrait UIInterfaceOrientationPortraitUpsideDown";
				LD_RUNPATH_SEARCH_PATHS = (
					"$(inherited)",
					"@executable_path/Frameworks",
				);
				MARKETING_VERSION = 1.0;
				PRODUCT_BUNDLE_IDENTIFIER = com.kuldeep.CryptoApp;
				PRODUCT_NAME = "$(TARGET_NAME)";
				SUPPORTED_PLATFORMS = "iphoneos iphonesimulator";
				SUPPORTS_MACCATALYST = NO;
				SUPPORTS_MAC_DESIGNED_FOR_IPHONE_IPAD = NO;
				SUPPORTS_XR_DESIGNED_FOR_IPHONE_IPAD = NO;
				SWIFT_EMIT_LOC_STRINGS = YES;
				SWIFT_VERSION = 5.0;
				TARGETED_DEVICE_FAMILY = 1;
			};
			name = Debug;
		};
		0C1838022B66234800004B04 /* Release */ = {
			isa = XCBuildConfiguration;
			buildSettings = {
				ASSETCATALOG_COMPILER_APPICON_NAME = AppIcon;
				ASSETCATALOG_COMPILER_GLOBAL_ACCENT_COLOR_NAME = AccentColor;
				CODE_SIGN_STYLE = Automatic;
				CURRENT_PROJECT_VERSION = 1;
				DEVELOPMENT_ASSET_PATHS = "\"CryptoApp/Preview Content\"";
				DEVELOPMENT_TEAM = 677WTAT3WT;
				ENABLE_PREVIEWS = YES;
				GENERATE_INFOPLIST_FILE = YES;
				INFOPLIST_KEY_CFBundleDisplayName = "Crypto Tracker";
				INFOPLIST_KEY_UIApplicationSceneManifest_Generation = YES;
				INFOPLIST_KEY_UIApplicationSupportsIndirectInputEvents = YES;
				INFOPLIST_KEY_UILaunchScreen_Generation = YES;
				INFOPLIST_KEY_UISupportedInterfaceOrientations = UIInterfaceOrientationPortrait;
				INFOPLIST_KEY_UISupportedInterfaceOrientations_iPad = "UIInterfaceOrientationLandscapeLeft UIInterfaceOrientationLandscapeRight UIInterfaceOrientationPortrait UIInterfaceOrientationPortraitUpsideDown";
				LD_RUNPATH_SEARCH_PATHS = (
					"$(inherited)",
					"@executable_path/Frameworks",
				);
				MARKETING_VERSION = 1.0;
				PRODUCT_BUNDLE_IDENTIFIER = com.kuldeep.CryptoApp;
				PRODUCT_NAME = "$(TARGET_NAME)";
				SUPPORTED_PLATFORMS = "iphoneos iphonesimulator";
				SUPPORTS_MACCATALYST = NO;
				SUPPORTS_MAC_DESIGNED_FOR_IPHONE_IPAD = NO;
				SUPPORTS_XR_DESIGNED_FOR_IPHONE_IPAD = NO;
				SWIFT_EMIT_LOC_STRINGS = YES;
				SWIFT_VERSION = 5.0;
				TARGETED_DEVICE_FAMILY = 1;
			};
			name = Release;
		};
/* End XCBuildConfiguration section */

/* Begin XCConfigurationList section */
		0C1837ED2B66234800004B04 /* Build configuration list for PBXProject "CryptoApp" */ = {
			isa = XCConfigurationList;
			buildConfigurations = (
				0C1837FE2B66234800004B04 /* Debug */,
				0C1837FF2B66234800004B04 /* Release */,
			);
			defaultConfigurationIsVisible = 0;
			defaultConfigurationName = Release;
		};
		0C1838002B66234800004B04 /* Build configuration list for PBXNativeTarget "CryptoApp" */ = {
			isa = XCConfigurationList;
			buildConfigurations = (
				0C1838012B66234800004B04 /* Debug */,
				0C1838022B66234800004B04 /* Release */,
			);
			defaultConfigurationIsVisible = 0;
			defaultConfigurationName = Release;
		};
/* End XCConfigurationList section */
	};
	rootObject = 0C1837EA2B66234800004B04 /* Project object */;
}
